{
  "name": "@ihaz/react-ui-utils",
  "version": "1.1.2-beta",
  "lockfileVersion": 1,
  "requires": true,
  "dependencies": {
    "@ihaz/js-ui-utils": {
      "version": "1.0.1-alpha",
      "resolved": "https://registry.npmjs.org/@ihaz/js-ui-utils/-/js-ui-utils-1.0.1-alpha.tgz",
      "integrity": "sha512-/D7NI1pykmHjJsBMm2ZaCofDYx6e7wb7v4GXFYClvktblk7SXIYg7pKzG00DN/kTyftONibhgwcn1icLtcpCrQ=="
    }
  }
}
